
Microsoft Visual Studio Solution File, Format Version 12.00
# Visual Studio 15
VisualStudioVersion = 15.0.28307.1300
MinimumVisualStudioVersion = 10.0.40219.1
Project("{FAE04EC0-301F-11D3-BF4B-00C04F79EFBC}") = "AkaStormProje", "denemelereeeeeee\AkaStormProje.csproj", "{A00921D9-2C12-41D6-80C1-E37E93E95AE7}"
EndProject
Global
	GlobalSection(SolutionConfigurationPlatforms) = preSolution
		Debug|Any CPU = Debug|Any CPU
		Release|Any CPU = Release|Any CPU
	EndGlobalSection
	GlobalSection(ProjectConfigurationPlatforms) = postSolution
		{A00921D9-2C12-41D6-80C1-E37E93E95AE7}.Debug|Any CPU.ActiveCfg = Debug|Any CPU
		{A00921D9-2C12-41D6-80C1-E37E93E95AE7}.Debug|Any CPU.Build.0 = Debug|Any CPU
		{A00921D9-2C12-41D6-80C1-E37E93E95AE7}.Release|Any CPU.ActiveCfg = Release|Any CPU
		{A00921D9-2C12-41D6-80C1-E37E93E95AE7}.Release|Any CPU.Build.0 = Release|Any CPU
	EndGlobalSection
	GlobalSection(SolutionProperties) = preSolution
		HideSolutionNode = FALSE
	EndGlobalSection
	GlobalSection(ExtensibilityGlobals) = postSolution
		SolutionGuid = {CEEC1C52-331E-4A08-A052-433A7B1099F1}
	EndGlobalSection
EndGlobal
